
Microsoft Visual Studio Solution File, Format Version 12.00
Project("{FAE04EC0-301F-11D3-BF4B-00C04F79EFBC}") = "SpendingTrackerAPI", "SpendingTrackerAPI\SpendingTrackerAPI.csproj", "{ABB699D9-29C4-430B-B11A-DAF1D8A8CD06}"
EndProject
Project("{FAE04EC0-301F-11D3-BF4B-00C04F79EFBC}") = "SpendingTrackerGUI", "SpendingTrackerGUI\SpendingTrackerGUI.csproj", "{54284672-9CBB-4511-8FC8-7961277F12E5}"
EndProject
Global
	GlobalSection(SolutionConfigurationPlatforms) = preSolution
		Debug|Any CPU = Debug|Any CPU
		Release|Any CPU = Release|Any CPU
	EndGlobalSection
	GlobalSection(ProjectConfigurationPlatforms) = postSolution
		{ABB699D9-29C4-430B-B11A-DAF1D8A8CD06}.Debug|Any CPU.ActiveCfg = Debug|Any CPU
		{ABB699D9-29C4-430B-B11A-DAF1D8A8CD06}.Debug|Any CPU.Build.0 = Debug|Any CPU
		{ABB699D9-29C4-430B-B11A-DAF1D8A8CD06}.Release|Any CPU.ActiveCfg = Release|Any CPU
		{ABB699D9-29C4-430B-B11A-DAF1D8A8CD06}.Release|Any CPU.Build.0 = Release|Any CPU
		{54284672-9CBB-4511-8FC8-7961277F12E5}.Debug|Any CPU.ActiveCfg = Debug|Any CPU
		{54284672-9CBB-4511-8FC8-7961277F12E5}.Debug|Any CPU.Build.0 = Debug|Any CPU
		{54284672-9CBB-4511-8FC8-7961277F12E5}.Release|Any CPU.ActiveCfg = Release|Any CPU
		{54284672-9CBB-4511-8FC8-7961277F12E5}.Release|Any CPU.Build.0 = Release|Any CPU
	EndGlobalSection
EndGlobal
